
Microsoft Visual Studio Solution File, Format Version 12.00
# Visual Studio Version 16
VisualStudioVersion = 16.0.31205.134
MinimumVisualStudioVersion = 10.0.40219.1
Project("{FAE04EC0-301F-11D3-BF4B-00C04F79EFBC}") = "serverWeather", "serverWeather\serverWeather.csproj", "{16B64A41-BADC-47E0-97E6-D5920715B304}"
EndProject
Project("{FAE04EC0-301F-11D3-BF4B-00C04F79EFBC}") = "BL", "BL\BL.csproj", "{DE01F81D-52CD-474F-A260-EEFF601159FC}"
EndProject
Project("{FAE04EC0-301F-11D3-BF4B-00C04F79EFBC}") = "DAL", "DAL\DAL.csproj", "{7F48987A-73AE-4E05-9E8D-62A2F78437A7}"
EndProject
Global
	GlobalSection(SolutionConfigurationPlatforms) = preSolution
		Debug|Any CPU = Debug|Any CPU
		Release|Any CPU = Release|Any CPU
	EndGlobalSection
	GlobalSection(ProjectConfigurationPlatforms) = postSolution
		{16B64A41-BADC-47E0-97E6-D5920715B304}.Debug|Any CPU.ActiveCfg = Debug|Any CPU
		{16B64A41-BADC-47E0-97E6-D5920715B304}.Debug|Any CPU.Build.0 = Debug|Any CPU
		{16B64A41-BADC-47E0-97E6-D5920715B304}.Release|Any CPU.ActiveCfg = Release|Any CPU
		{16B64A41-BADC-47E0-97E6-D5920715B304}.Release|Any CPU.Build.0 = Release|Any CPU
		{DE01F81D-52CD-474F-A260-EEFF601159FC}.Debug|Any CPU.ActiveCfg = Debug|Any CPU
		{DE01F81D-52CD-474F-A260-EEFF601159FC}.Debug|Any CPU.Build.0 = Debug|Any CPU
		{DE01F81D-52CD-474F-A260-EEFF601159FC}.Release|Any CPU.ActiveCfg = Release|Any CPU
		{DE01F81D-52CD-474F-A260-EEFF601159FC}.Release|Any CPU.Build.0 = Release|Any CPU
		{7F48987A-73AE-4E05-9E8D-62A2F78437A7}.Debug|Any CPU.ActiveCfg = Debug|Any CPU
		{7F48987A-73AE-4E05-9E8D-62A2F78437A7}.Debug|Any CPU.Build.0 = Debug|Any CPU
		{7F48987A-73AE-4E05-9E8D-62A2F78437A7}.Release|Any CPU.ActiveCfg = Release|Any CPU
		{7F48987A-73AE-4E05-9E8D-62A2F78437A7}.Release|Any CPU.Build.0 = Release|Any CPU
	EndGlobalSection
	GlobalSection(SolutionProperties) = preSolution
		HideSolutionNode = FALSE
	EndGlobalSection
	GlobalSection(ExtensibilityGlobals) = postSolution
		SolutionGuid = {E1EF257C-3C8B-4BC5-946B-9270F0C772E3}
	EndGlobalSection
EndGlobal
